Microsoft Visual Studio Solution File, Format Version 12.00
# Visual Studio Version 17
VisualStudioVersion = 17.0.31903.59
MinimumVisualStudioVersion = 10.0.40219.1
Project("{2150E333-8FDC-42A3-9474-1A3956D46DE8}") = "src", "src", "{DE71461B-6997-4E10-AC27-D8E82893E2B7}"
EndProject
Project("{2150E333-8FDC-42A3-9474-1A3956D46DE8}") = "tests", "tests", "{04A9789F-AF4A-422F-8FBF-1D42B881BD80}"
EndProject
Project("{FAE04EC0-301F-11D3-BF4B-00C04F79EFBC}") = "LifeV2.Domain", "src\LifeV2.Domain\LifeV2.Domain.csproj", "{D45C7867-2D90-4E56-B993-5B9DFE84B0BA}"
EndProject
Project("{FAE04EC0-301F-11D3-BF4B-00C04F79EFBC}") = "LifeV2.Application", "src\LifeV2.Application\LifeV2.Application.csproj", "{925A91A0-A015-4EA1-A87E-4C74A51B3491}"
EndProject
Project("{FAE04EC0-301F-11D3-BF4B-00C04F79EFBC}") = "LifeV2.Infrastructure", "src\LifeV2.Infrastructure\LifeV2.Infrastructure.csproj", "{EA828CE0-B7FD-4224-8797-D39467D99EEF}"
EndProject
Project("{FAE04EC0-301F-11D3-BF4B-00C04F79EFBC}") = "LifeV2.API", "src\LifeV2.API\LifeV2.API.csproj", "{E4B2E005-53A6-4C82-B62D-01AFA2B4DB1D}"
EndProject
Project("{FAE04EC0-301F-11D3-BF4B-00C04F79EFBC}") = "LifeV2.UnitTests", "tests\LifeV2.UnitTests\LifeV2.UnitTests.csproj", "{B0AE805C-33FF-40F2-832A-5801BF2BF2DB}"
EndProject
Project("{FAE04EC0-301F-11D3-BF4B-00C04F79EFBC}") = "LifeV2.IntegrationTests", "tests\LifeV2.IntegrationTests\LifeV2.IntegrationTests.csproj", "{4834A685-FB11-48D1-88E0-ECF0CEBA9B02}"
EndProject
Global
	GlobalSection(SolutionConfigurationPlatforms) = preSolution
		Debug|Any CPU = Debug|Any CPU
		Release|Any CPU = Release|Any CPU
	EndGlobalSection
	GlobalSection(ProjectConfigurationPlatforms) = postSolution
		{D45C7867-2D90-4E56-B993-5B9DFE84B0BA}.Debug|Any CPU.ActiveCfg = Debug|Any CPU
		{D45C7867-2D90-4E56-B993-5B9DFE84B0BA}.Debug|Any CPU.Build.0 = Debug|Any CPU
		{D45C7867-2D90-4E56-B993-5B9DFE84B0BA}.Release|Any CPU.ActiveCfg = Release|Any CPU
		{D45C7867-2D90-4E56-B993-5B9DFE84B0BA}.Release|Any CPU.Build.0 = Release|Any CPU
		{925A91A0-A015-4EA1-A87E-4C74A51B3491}.Debug|Any CPU.ActiveCfg = Debug|Any CPU
		{925A91A0-A015-4EA1-A87E-4C74A51B3491}.Debug|Any CPU.Build.0 = Debug|Any CPU
		{925A91A0-A015-4EA1-A87E-4C74A51B3491}.Release|Any CPU.ActiveCfg = Release|Any CPU
		{925A91A0-A015-4EA1-A87E-4C74A51B3491}.Release|Any CPU.Build.0 = Release|Any CPU
		{EA828CE0-B7FD-4224-8797-D39467D99EEF}.Debug|Any CPU.ActiveCfg = Debug|Any CPU
		{EA828CE0-B7FD-4224-8797-D39467D99EEF}.Debug|Any CPU.Build.0 = Debug|Any CPU
		{EA828CE0-B7FD-4224-8797-D39467D99EEF}.Release|Any CPU.ActiveCfg = Release|Any CPU
		{EA828CE0-B7FD-4224-8797-D39467D99EEF}.Release|Any CPU.Build.0 = Release|Any CPU
		{E4B2E005-53A6-4C82-B62D-01AFA2B4DB1D}.Debug|Any CPU.ActiveCfg = Debug|Any CPU
		{E4B2E005-53A6-4C82-B62D-01AFA2B4DB1D}.Debug|Any CPU.Build.0 = Debug|Any CPU
		{E4B2E005-53A6-4C82-B62D-01AFA2B4DB1D}.Release|Any CPU.ActiveCfg = Release|Any CPU
		{E4B2E005-53A6-4C82-B62D-01AFA2B4DB1D}.Release|Any CPU.Build.0 = Release|Any CPU
		{B0AE805C-33FF-40F2-832A-5801BF2BF2DB}.Debug|Any CPU.ActiveCfg = Debug|Any CPU
		{B0AE805C-33FF-40F2-832A-5801BF2BF2DB}.Debug|Any CPU.Build.0 = Debug|Any CPU
		{B0AE805C-33FF-40F2-832A-5801BF2BF2DB}.Release|Any CPU.ActiveCfg = Release|Any CPU
		{B0AE805C-33FF-40F2-832A-5801BF2BF2DB}.Release|Any CPU.Build.0 = Release|Any CPU
		{4834A685-FB11-48D1-88E0-ECF0CEBA9B02}.Debug|Any CPU.ActiveCfg = Debug|Any CPU
		{4834A685-FB11-48D1-88E0-ECF0CEBA9B02}.Debug|Any CPU.Build.0 = Debug|Any CPU
		{4834A685-FB11-48D1-88E0-ECF0CEBA9B02}.Release|Any CPU.ActiveCfg = Release|Any CPU
		{4834A685-FB11-48D1-88E0-ECF0CEBA9B02}.Release|Any CPU.Build.0 = Release|Any CPU
	EndGlobalSection
	GlobalSection(NestedProjects) = preSolution
		{D45C7867-2D90-4E56-B993-5B9DFE84B0BA} = {DE71461B-6997-4E10-AC27-D8E82893E2B7}
		{925A91A0-A015-4EA1-A87E-4C74A51B3491} = {DE71461B-6997-4E10-AC27-D8E82893E2B7}
		{EA828CE0-B7FD-4224-8797-D39467D99EEF} = {DE71461B-6997-4E10-AC27-D8E82893E2B7}
		{E4B2E005-53A6-4C82-B62D-01AFA2B4DB1D} = {DE71461B-6997-4E10-AC27-D8E82893E2B7}
		{B0AE805C-33FF-40F2-832A-5801BF2BF2DB} = {04A9789F-AF4A-422F-8FBF-1D42B881BD80}
		{4834A685-FB11-48D1-88E0-ECF0CEBA9B02} = {04A9789F-AF4A-422F-8FBF-1D42B881BD80}
	EndGlobalSection
EndGlobal
